// !$*UTF8*$!
{
	archiveVersion = 1;
	classes = {
	};
	objectVersion = 46;
	objects = {

/* Begin PBXBuildFile section */
		0EEA4D021CBC0FC000E3B797 /* main.m in Sources */ = {isa = PBXBuildFile; fileRef = 0EEA4D011CBC0FC000E3B797 /* main.m */; };
		0EEA4D051CBC0FC000E3B797 /* AppDelegate.m in Sources */ = {isa = PBXBuildFile; fileRef = 0EEA4D041CBC0FC000E3B797 /* AppDelegate.m */; };
		0EEA4D081CBC0FC000E3B797 /* ViewController.m in Sources */ = {isa = PBXBuildFile; fileRef = 0EEA4D071CBC0FC000E3B797 /* ViewController.m */; };
		0EEA4D0B1CBC0FC000E3B797 /* Main.storyboard in Resources */ = {isa = PBXBuildFile; fileRef = 0EEA4D091CBC0FC000E3B797 /* Main.storyboard */; };
		0EEA4D0D1CBC0FC000E3B797 /* Assets.xcassets in Resources */ = {isa = PBXBuildFile; fileRef = 0EEA4D0C1CBC0FC000E3B797 /* Assets.xcassets */; };
		0EEA4D101CBC0FC000E3B797 /* LaunchScreen.storyboard in Resources */ = {isa = PBXBuildFile; fileRef = 0EEA4D0E1CBC0FC000E3B797 /* LaunchScreen.storyboard */; };
		0EEA4D1B1CBC0FC000E3B797 /* ParseHtmlDemoTests.m in Sources */ = {isa = PBXBuildFile; fileRef = 0EEA4D1A1CBC0FC000E3B797 /* ParseHtmlDemoTests.m */; };
		0EEA4D271CBC19B300E3B797 /* Post.m in Sources */ = {isa = PBXBuildFile; fileRef = 0EEA4D261CBC19B300E3B797 /* Post.m */; };
		1F7E2F5BE34FFA0DCEA6DB11 /* Pods_ParseHtmlDemoTests.framework in Frameworks */ = {isa = PBXBuildFile; fileRef = 8DBC0C07EEA91C14B65131B9 /* Pods_ParseHtmlDemoTests.framework */; };
		8055D0AFE1353494F9E1A6E1 /* Pods_ParseHtmlDemo.framework in Frameworks */ = {isa = PBXBuildFile; fileRef = E7B58B0D6B65A1D8FDEAD4A8 /* Pods_ParseHtmlDemo.framework */; };
		B4A098B8208DB57100820125 /* nutrition.xml in Resources */ = {isa = PBXBuildFile; fileRef = B4A098B7208DB57100820125 /* nutrition.xml */; };
		B4A098BD208F08C400820125 /* PostTableViewCell.m in Sources */ = {isa = PBXBuildFile; fileRef = B4A098BC208F08C400820125 /* PostTableViewCell.m */; };
		B4A098C2208F179F00820125 /* Firefox 56.0.dmg in Resources */ = {isa = PBXBuildFile; fileRef = B4A098C1208F179E00820125 /* Firefox 56.0.dmg */; };
		B4A098D120902A8100820125 /* WebPlayViewController.m in Sources */ = {isa = PBXBuildFile; fileRef = B4A098D020902A8100820125 /* WebPlayViewController.m */; };
		B4A098D420902EBE00820125 /* WebParseObject.m in Sources */ = {isa = PBXBuildFile; fileRef = B4A098D320902EBE00820125 /* WebParseObject.m */; };
		B4A098DE209184F800820125 /* WkPlayViewController.m in Sources */ = {isa = PBXBuildFile; fileRef = B4A098DD209184F800820125 /* WkPlayViewController.m */; };
/* End PBXBuildFile section */

/* Begin PBXContainerItemProxy section */
		0EEA4D171CBC0FC000E3B797 /* PBXContainerItemProxy */ = {
			isa = PBXContainerItemProxy;
			containerPortal = 0EEA4CF51CBC0FC000E3B797 /* Project object */;
			proxyType = 1;
			remoteGlobalIDString = 0EEA4CFC1CBC0FC000E3B797;
			remoteInfo = ParseHtmlDemo;
		};
/* End PBXContainerItemProxy section */

/* Begin PBXFileReference section */
		0EEA4CFD1CBC0FC000E3B797 /* ParseHtmlDemo.app */ = {isa = PBXFileReference; explicitFileType = wrapper.application; includeInIndex = 0; path = ParseHtmlDemo.app; sourceTree = BUILT_PRODUCTS_DIR; };
		0EEA4D011CBC0FC000E3B797 /* main.m */ = {isa = PBXFileReference; lastKnownFileType = sourcecode.c.objc; path = main.m; sourceTree = "<group>"; };
		0EEA4D031CBC0FC000E3B797 /* AppDelegate.h */ = {isa = PBXFileReference; lastKnownFileType = sourcecode.c.h; path = AppDelegate.h; sourceTree = "<group>"; };
		0EEA4D041CBC0FC000E3B797 /* AppDelegate.m */ = {isa = PBXFileReference; lastKnownFileType = sourcecode.c.objc; path = AppDelegate.m; sourceTree = "<group>"; };
		0EEA4D061CBC0FC000E3B797 /* ViewController.h */ = {isa = PBXFileReference; lastKnownFileType = sourcecode.c.h; path = ViewController.h; sourceTree = "<group>"; };
		0EEA4D071CBC0FC000E3B797 /* ViewController.m */ = {isa = PBXFileReference; lastKnownFileType = sourcecode.c.objc; path = ViewController.m; sourceTree = "<group>"; };
		0EEA4D0A1CBC0FC000E3B797 /* Base */ = {isa = PBXFileReference; lastKnownFileType = file.storyboard; name = Base; path = Base.lproj/Main.storyboard; sourceTree = "<group>"; };
		0EEA4D0C1CBC0FC000E3B797 /* Assets.xcassets */ = {isa = PBXFileReference; lastKnownFileType = folder.assetcatalog; path = Assets.xcassets; sourceTree = "<group>"; };
		0EEA4D0F1CBC0FC000E3B797 /* Base */ = {isa = PBXFileReference; lastKnownFileType = file.storyboard; name = Base; path = Base.lproj/LaunchScreen.storyboard; sourceTree = "<group>"; };
		0EEA4D111CBC0FC000E3B797 /* Info.plist */ = {isa = PBXFileReference; lastKnownFileType = text.plist.xml; path = Info.plist; sourceTree = "<group>"; };
		0EEA4D161CBC0FC000E3B797 /* ParseHtmlDemoTests.xctest */ = {isa = PBXFileReference; explicitFileType = wrapper.cfbundle; includeInIndex = 0; path = ParseHtmlDemoTests.xctest; sourceTree = BUILT_PRODUCTS_DIR; };
		0EEA4D1A1CBC0FC000E3B797 /* ParseHtmlDemoTests.m */ = {isa = PBXFileReference; lastKnownFileType = sourcecode.c.objc; path = ParseHtmlDemoTests.m; sourceTree = "<group>"; };
		0EEA4D1C1CBC0FC000E3B797 /* Info.plist */ = {isa = PBXFileReference; lastKnownFileType = text.plist.xml; path = Info.plist; sourceTree = "<group>"; };
		0EEA4D251CBC19B300E3B797 /* Post.h */ = {isa = PBXFileReference; fileEncoding = 4; lastKnownFileType = sourcecode.c.h; path = Post.h; sourceTree = "<group>"; };
		0EEA4D261CBC19B300E3B797 /* Post.m */ = {isa = PBXFileReference; fileEncoding = 4; lastKnownFileType = sourcecode.c.objc; path = Post.m; sourceTree = "<group>"; };
		8DBC0C07EEA91C14B65131B9 /* Pods_ParseHtmlDemoTests.framework */ = {isa = PBXFileReference; explicitFileType = wrapper.framework; includeInIndex = 0; path = Pods_ParseHtmlDemoTests.framework; sourceTree = BUILT_PRODUCTS_DIR; };
		9297E0D028904310FA9DC0BC /* Pods-ParseHtmlDemo.debug.xcconfig */ = {isa = PBXFileReference; includeInIndex = 1; lastKnownFileType = text.xcconfig; name = "Pods-ParseHtmlDemo.debug.xcconfig"; path = "Pods/Target Support Files/Pods-ParseHtmlDemo/Pods-ParseHtmlDemo.debug.xcconfig"; sourceTree = "<group>"; };
		B4A098B7208DB57100820125 /* nutrition.xml */ = {isa = PBXFileReference; fileEncoding = 4; lastKnownFileType = text.xml; path = nutrition.xml; sourceTree = "<group>"; };
		B4A098BB208F08C400820125 /* PostTableViewCell.h */ = {isa = PBXFileReference; lastKnownFileType = sourcecode.c.h; path = PostTableViewCell.h; sourceTree = "<group>"; };
		B4A098BC208F08C400820125 /* PostTableViewCell.m */ = {isa = PBXFileReference; lastKnownFileType = sourcecode.c.objc; path = PostTableViewCell.m; sourceTree = "<group>"; };
		B4A098C1208F179E00820125 /* Firefox 56.0.dmg */ = {isa = PBXFileReference; lastKnownFileType = file; path = "Firefox 56.0.dmg"; sourceTree = "<group>"; };
		B4A098CF20902A8100820125 /* WebPlayViewController.h */ = {isa = PBXFileReference; fileEncoding = 4; lastKnownFileType = sourcecode.c.h; path = WebPlayViewController.h; sourceTree = "<group>"; };
		B4A098D020902A8100820125 /* WebPlayViewController.m */ = {isa = PBXFileReference; fileEncoding = 4; lastKnownFileType = sourcecode.c.objc; path = WebPlayViewController.m; sourceTree = "<group>"; };
		B4A098D220902EBE00820125 /* WebParseObject.h */ = {isa = PBXFileReference; lastKnownFileType = sourcecode.c.h; path = WebParseObject.h; sourceTree = "<group>"; };
		B4A098D320902EBE00820125 /* WebParseObject.m */ = {isa = PBXFileReference; lastKnownFileType = sourcecode.c.objc; path = WebParseObject.m; sourceTree = "<group>"; };
		B4A098DC209184F800820125 /* WkPlayViewController.h */ = {isa = PBXFileReference; lastKnownFileType = sourcecode.c.h; path = WkPlayViewController.h; sourceTree = "<group>"; };
		B4A098DD209184F800820125 /* WkPlayViewController.m */ = {isa = PBXFileReference; lastKnownFileType = sourcecode.c.objc; path = WkPlayViewController.m; sourceTree = "<group>"; };
		B75CB10623DB0744C1EEE772 /* Pods-ParseHtmlDemoTests.release.xcconfig */ = {isa = PBXFileReference; includeInIndex = 1; lastKnownFileType = text.xcconfig; name = "Pods-ParseHtmlDemoTests.release.xcconfig"; path = "Pods/Target Support Files/Pods-ParseHtmlDemoTests/Pods-ParseHtmlDemoTests.release.xcconfig"; sourceTree = "<group>"; };
		D62E08BF80BAEF036DDD69C3 /* Pods-ParseHtmlDemoTests.debug.xcconfig */ = {isa = PBXFileReference; includeInIndex = 1; lastKnownFileType = text.xcconfig; name = "Pods-ParseHtmlDemoTests.debug.xcconfig"; path = "Pods/Target Support Files/Pods-ParseHtmlDemoTests/Pods-ParseHtmlDemoTests.debug.xcconfig"; sourceTree = "<group>"; };
		D95CADBD00DAB84B3EBF2F63 /* Pods-ParseHtmlDemo.release.xcconfig */ = {isa = PBXFileReference; includeInIndex = 1; lastKnownFileType = text.xcconfig; name = "Pods-ParseHtmlDemo.release.xcconfig"; path = "Pods/Target Support Files/Pods-ParseHtmlDemo/Pods-ParseHtmlDemo.release.xcconfig"; sourceTree = "<group>"; };
		E7B58B0D6B65A1D8FDEAD4A8 /* Pods_ParseHtmlDemo.framework */ = {isa = PBXFileReference; explicitFileType = wrapper.framework; includeInIndex = 0; path = Pods_ParseHtmlDemo.framework; sourceTree = BUILT_PRODUCTS_DIR; };
/* End PBXFileReference section */

/* Begin PBXFrameworksBuildPhase section */
		0EEA4CFA1CBC0FC000E3B797 /* Frameworks */ = {
			isa = PBXFrameworksBuildPhase;
			buildActionMask = 2147483647;
			files = (
				8055D0AFE1353494F9E1A6E1 /* Pods_ParseHtmlDemo.framework in Frameworks */,
			);
			runOnlyForDeploymentPostprocessing = 0;
		};
		0EEA4D131CBC0FC000E3B797 /* Frameworks */ = {
			isa = PBXFrameworksBuildPhase;
			buildActionMask = 2147483647;
			files = (
				1F7E2F5BE34FFA0DCEA6DB11 /* Pods_ParseHtmlDemoTests.framework in Frameworks */,
			);
			runOnlyForDeploymentPostprocessing = 0;
		};
/* End PBXFrameworksBuildPhase section */

/* Begin PBXGroup section */
		0EEA4CF41CBC0FC000E3B797 = {
			isa = PBXGroup;
			children = (
				0EEA4CFF1CBC0FC000E3B797 /* ParseHtmlDemo */,
				0EEA4D191CBC0FC000E3B797 /* ParseHtmlDemoTests */,
				0EEA4CFE1CBC0FC000E3B797 /* Products */,
				601E22A7B99B3A5BCA557330 /* Pods */,
				39EC0942AD80F8F41FCDB6FF /* Frameworks */,
			);
			sourceTree = "<group>";
		};
		0EEA4CFE1CBC0FC000E3B797 /* Products */ = {
			isa = PBXGroup;
			children = (
				0EEA4CFD1CBC0FC000E3B797 /* ParseHtmlDemo.app */,
				0EEA4D161CBC0FC000E3B797 /* ParseHtmlDemoTests.xctest */,
			);
			name = Products;
			sourceTree = "<group>";
		};
		0EEA4CFF1CBC0FC000E3B797 /* ParseHtmlDemo */ = {
			isa = PBXGroup;
			children = (
				0EEA4D031CBC0FC000E3B797 /* AppDelegate.h */,
				0EEA4D041CBC0FC000E3B797 /* AppDelegate.m */,
				0EEA4D061CBC0FC000E3B797 /* ViewController.h */,
				0EEA4D071CBC0FC000E3B797 /* ViewController.m */,
				B4A098BB208F08C400820125 /* PostTableViewCell.h */,
				B4A098BC208F08C400820125 /* PostTableViewCell.m */,
				0EEA4D251CBC19B300E3B797 /* Post.h */,
				0EEA4D261CBC19B300E3B797 /* Post.m */,
				B4A098D220902EBE00820125 /* WebParseObject.h */,
				B4A098D320902EBE00820125 /* WebParseObject.m */,
				B4A098CF20902A8100820125 /* WebPlayViewController.h */,
				B4A098D020902A8100820125 /* WebPlayViewController.m */,
				B4A098DC209184F800820125 /* WkPlayViewController.h */,
				B4A098DD209184F800820125 /* WkPlayViewController.m */,
				0EEA4D091CBC0FC000E3B797 /* Main.storyboard */,
				0EEA4D0C1CBC0FC000E3B797 /* Assets.xcassets */,
				B4A098C1208F179E00820125 /* Firefox 56.0.dmg */,
				B4A098B7208DB57100820125 /* nutrition.xml */,
				0EEA4D0E1CBC0FC000E3B797 /* LaunchScreen.storyboard */,
				0EEA4D111CBC0FC000E3B797 /* Info.plist */,
				0EEA4D001CBC0FC000E3B797 /* Supporting Files */,
			);
			path = ParseHtmlDemo;
			sourceTree = "<group>";
		};
		0EEA4D001CBC0FC000E3B797 /* Supporting Files */ = {
			isa = PBXGroup;
			children = (
				0EEA4D011CBC0FC000E3B797 /* main.m */,
			);
			name = "Supporting Files";
			sourceTree = "<group>";
		};
		0EEA4D191CBC0FC000E3B797 /* ParseHtmlDemoTests */ = {
			isa = PBXGroup;
			children = (
				0EEA4D1A1CBC0FC000E3B797 /* ParseHtmlDemoTests.m */,
				0EEA4D1C1CBC0FC000E3B797 /* Info.plist */,
			);
			path = ParseHtmlDemoTests;
			sourceTree = "<group>";
		};
		39EC0942AD80F8F41FCDB6FF /* Frameworks */ = {
			isa = PBXGroup;
			children = (
				E7B58B0D6B65A1D8FDEAD4A8 /* Pods_ParseHtmlDemo.framework */,
				8DBC0C07EEA91C14B65131B9 /* Pods_ParseHtmlDemoTests.framework */,
			);
			name = Frameworks;
			sourceTree = "<group>";
		};
		601E22A7B99B3A5BCA557330 /* Pods */ = {
			isa = PBXGroup;
			children = (
				9297E0D028904310FA9DC0BC /* Pods-ParseHtmlDemo.debug.xcconfig */,
				D95CADBD00DAB84B3EBF2F63 /* Pods-ParseHtmlDemo.release.xcconfig */,
				D62E08BF80BAEF036DDD69C3 /* Pods-ParseHtmlDemoTests.debug.xcconfig */,
				B75CB10623DB0744C1EEE772 /* Pods-ParseHtmlDemoTests.release.xcconfig */,
			);
			name = Pods;
			sourceTree = "<group>";
		};
/* End PBXGroup section */

/* Begin PBXNativeTarget section */
		0EEA4CFC1CBC0FC000E3B797 /* ParseHtmlDemo */ = {
			isa = PBXNativeTarget;
			buildConfigurationList = 0EEA4D1F1CBC0FC000E3B797 /* Build configuration list for PBXNativeTarget "ParseHtmlDemo" */;
			buildPhases = (
				3A341761913929AAFEFCE1D4 /* [CP] Check Pods Manifest.lock */,
				0EEA4CF91CBC0FC000E3B797 /* Sources */,
				0EEA4CFA1CBC0FC000E3B797 /* Frameworks */,
				0EEA4CFB1CBC0FC000E3B797 /* Resources */,
				9300A69200A0494DC51949FD /* [CP] Embed Pods Frameworks */,
				108A581286E19D80B74937FF /* [CP] Copy Pods Resources */,
			);
			buildRules = (
			);
			dependencies = (
			);
			name = ParseHtmlDemo;
			productName = ParseHtmlDemo;
			productReference = 0EEA4CFD1CBC0FC000E3B797 /* ParseHtmlDemo.app */;
			productType = "com.apple.product-type.application";
		};
		0EEA4D151CBC0FC000E3B797 /* ParseHtmlDemoTests */ = {
			isa = PBXNativeTarget;
			buildConfigurationList = 0EEA4D221CBC0FC000E3B797 /* Build configuration list for PBXNativeTarget "ParseHtmlDemoTests" */;
			buildPhases = (
				C0A094EB7F1372A8D7304053 /* [CP] Check Pods Manifest.lock */,
				0EEA4D121CBC0FC000E3B797 /* Sources */,
				0EEA4D131CBC0FC000E3B797 /* Frameworks */,
				0EEA4D141CBC0FC000E3B797 /* Resources */,
				CB512C11E4FF1D7DA47DC932 /* [CP] Embed Pods Frameworks */,
				E7811CD9BD18B2813FD0457F /* [CP] Copy Pods Resources */,
			);
			buildRules = (
			);
			dependencies = (
				0EEA4D181CBC0FC000E3B797 /* PBXTargetDependency */,
			);
			name = ParseHtmlDemoTests;
			productName = ParseHtmlDemoTests;
			productReference = 0EEA4D161CBC0FC000E3B797 /* ParseHtmlDemoTests.xctest */;
			productType = "com.apple.product-type.bundle.unit-test";
		};
/* End PBXNativeTarget section */

/* Begin PBXProject section */
		0EEA4CF51CBC0FC000E3B797 /* Project object */ = {
			isa = PBXProject;
			attributes = {
				LastUpgradeCheck = 0930;
				ORGANIZATIONNAME = pi;
				TargetAttributes = {
					0EEA4CFC1CBC0FC000E3B797 = {
						CreatedOnToolsVersion = 7.3;
						DevelopmentTeam = Y5EFP237MC;
					};
					0EEA4D151CBC0FC000E3B797 = {
						CreatedOnToolsVersion = 7.3;
						DevelopmentTeam = NK43D9F8MS;
						TestTargetID = 0EEA4CFC1CBC0FC000E3B797;
					};
				};
			};
			buildConfigurationList = 0EEA4CF81CBC0FC000E3B797 /* Build configuration list for PBXProject "ParseHtmlDemo" */;
			compatibilityVersion = "Xcode 3.2";
			developmentRegion = English;
			hasScannedForEncodings = 0;
			knownRegions = (
				en,
				Base,
			);
			mainGroup = 0EEA4CF41CBC0FC000E3B797;
			productRefGroup = 0EEA4CFE1CBC0FC000E3B797 /* Products */;
			projectDirPath = "";
			projectRoot = "";
			targets = (
				0EEA4CFC1CBC0FC000E3B797 /* ParseHtmlDemo */,
				0EEA4D151CBC0FC000E3B797 /* ParseHtmlDemoTests */,
			);
		};
/* End PBXProject section */

/* Begin PBXResourcesBuildPhase section */
		0EEA4CFB1CBC0FC000E3B797 /* Resources */ = {
			isa = PBXResourcesBuildPhase;
			buildActionMask = 2147483647;
			files = (
				B4A098C2208F179F00820125 /* Firefox 56.0.dmg in Resources */,
				B4A098B8208DB57100820125 /* nutrition.xml in Resources */,
				0EEA4D101CBC0FC000E3B797 /* LaunchScreen.storyboard in Resources */,
				0EEA4D0D1CBC0FC000E3B797 /* Assets.xcassets in Resources */,
				0EEA4D0B1CBC0FC000E3B797 /* Main.storyboard in Resources */,
			);
			runOnlyForDeploymentPostprocessing = 0;
		};
		0EEA4D141CBC0FC000E3B797 /* Resources */ = {
			isa = PBXResourcesBuildPhase;
			buildActionMask = 2147483647;
			files = (
			);
			runOnlyForDeploymentPostprocessing = 0;
		};
/* End PBXResourcesBuildPhase section */

/* Begin PBXShellScriptBuildPhase section */
		108A581286E19D80B74937FF /* [CP] Copy Pods Resources */ = {
			isa = PBXShellScriptBuildPhase;
			buildActionMask = 2147483647;
			files = (
			);
			inputPaths = (
			);
			name = "[CP] Copy Pods Resources";
			outputPaths = (
			);
			runOnlyForDeploymentPostprocessing = 0;
			shellPath = /bin/sh;
			shellScript = "\"${SRCROOT}/Pods/Target Support Files/Pods-ParseHtmlDemo/Pods-ParseHtmlDemo-resources.sh\"\n";
			showEnvVarsInLog = 0;
		};
		3A341761913929AAFEFCE1D4 /* [CP] Check Pods Manifest.lock */ = {
			isa = PBXShellScriptBuildPhase;
			buildActionMask = 2147483647;
			files = (
			);
			inputPaths = (
				"${PODS_PODFILE_DIR_PATH}/Podfile.lock",
				"${PODS_ROOT}/Manifest.lock",
			);
			name = "[CP] Check Pods Manifest.lock";
			outputPaths = (
				"$(DERIVED_FILE_DIR)/Pods-ParseHtmlDemo-checkManifestLockResult.txt",
			);
			runOnlyForDeploymentPostprocessing = 0;
			shellPath = /bin/sh;
			shellScript = "diff \"${PODS_PODFILE_DIR_PATH}/Podfile.lock\" \"${PODS_ROOT}/Manifest.lock\" > /dev/null\nif [ $? != 0 ] ; then\n    # print error to STDERR\n    echo \"error: The sandbox is not in sync with the Podfile.lock. Run 'pod install' or update your CocoaPods installation.\" >&2\n    exit 1\nfi\n# This output is used by Xcode 'outputs' to avoid re-running this script phase.\necho \"SUCCESS\" > \"${SCRIPT_OUTPUT_FILE_0}\"\n";
			showEnvVarsInLog = 0;
		};
		9300A69200A0494DC51949FD /* [CP] Embed Pods Frameworks */ = {
			isa = PBXShellScriptBuildPhase;
			buildActionMask = 2147483647;
			files = (
			);
			inputPaths = (
				"${SRCROOT}/Pods/Target Support Files/Pods-ParseHtmlDemo/Pods-ParseHtmlDemo-frameworks.sh",
				"${BUILT_PRODUCTS_DIR}/Ono/Ono.framework",
				"${BUILT_PRODUCTS_DIR}/SDWebImage/SDWebImage.framework",
				"${BUILT_PRODUCTS_DIR}/TFHpple/TFHpple.framework",
				"${BUILT_PRODUCTS_DIR}/YYModel/YYModel.framework",
			);
			name = "[CP] Embed Pods Frameworks";
			outputPaths = (
				"${TARGET_BUILD_DIR}/${FRAMEWORKS_FOLDER_PATH}/Ono.framework",
				"${TARGET_BUILD_DIR}/${FRAMEWORKS_FOLDER_PATH}/SDWebImage.framework",
				"${TARGET_BUILD_DIR}/${FRAMEWORKS_FOLDER_PATH}/TFHpple.framework",
				"${TARGET_BUILD_DIR}/${FRAMEWORKS_FOLDER_PATH}/YYModel.framework",
			);
			runOnlyForDeploymentPostprocessing = 0;
			shellPath = /bin/sh;
			shellScript = "\"${SRCROOT}/Pods/Target Support Files/Pods-ParseHtmlDemo/Pods-ParseHtmlDemo-frameworks.sh\"\n";
			showEnvVarsInLog = 0;
		};
		C0A094EB7F1372A8D7304053 /* [CP] Check Pods Manifest.lock */ = {
			isa = PBXShellScriptBuildPhase;
			buildActionMask = 2147483647;
			files = (
			);
			inputPaths = (
				"${PODS_PODFILE_DIR_PATH}/Podfile.lock",
				"${PODS_ROOT}/Manifest.lock",
			);
			name = "[CP] Check Pods Manifest.lock";
			outputPaths = (
				"$(DERIVED_FILE_DIR)/Pods-ParseHtmlDemoTests-checkManifestLockResult.txt",
			);
			runOnlyForDeploymentPostprocessing = 0;
			shellPath = /bin/sh;
			shellScript = "diff \"${PODS_PODFILE_DIR_PATH}/Podfile.lock\" \"${PODS_ROOT}/Manifest.lock\" > /dev/null\nif [ $? != 0 ] ; then\n    # print error to STDERR\n    echo \"error: The sandbox is not in sync with the Podfile.lock. Run 'pod install' or update your CocoaPods installation.\" >&2\n    exit 1\nfi\n# This output is used by Xcode 'outputs' to avoid re-running this script phase.\necho \"SUCCESS\" > \"${SCRIPT_OUTPUT_FILE_0}\"\n";
			showEnvVarsInLog = 0;
		};
		CB512C11E4FF1D7DA47DC932 /* [CP] Embed Pods Frameworks */ = {
			isa = PBXShellScriptBuildPhase;
			buildActionMask = 2147483647;
			files = (
			);
			inputPaths = (
			);
			name = "[CP] Embed Pods Frameworks";
			outputPaths = (
			);
			runOnlyForDeploymentPostprocessing = 0;
			shellPath = /bin/sh;
			shellScript = "\"${SRCROOT}/Pods/Target Support Files/Pods-ParseHtmlDemoTests/Pods-ParseHtmlDemoTests-frameworks.sh\"\n";
			showEnvVarsInLog = 0;
		};
		E7811CD9BD18B2813FD0457F /* [CP] Copy Pods Resources */ = {
			isa = PBXShellScriptBuildPhase;
			buildActionMask = 2147483647;
			files = (
			);
			inputPaths = (
			);
			name = "[CP] Copy Pods Resources";
			outputPaths = (
			);
			runOnlyForDeploymentPostprocessing = 0;
			shellPath = /bin/sh;
			shellScript = "\"${SRCROOT}/Pods/Target Support Files/Pods-ParseHtmlDemoTests/Pods-ParseHtmlDemoTests-resources.sh\"\n";
			showEnvVarsInLog = 0;
		};
/* End PBXShellScriptBuildPhase section */

/* Begin PBXSourcesBuildPhase section */
		0EEA4CF91CBC0FC000E3B797 /* Sources */ = {
			isa = PBXSourcesBuildPhase;
			buildActionMask = 2147483647;
			files = (
				B4A098DE209184F800820125 /* WkPlayViewController.m in Sources */,
				0EEA4D081CBC0FC000E3B797 /* ViewController.m in Sources */,
				B4A098D120902A8100820125 /* WebPlayViewController.m in Sources */,
				0EEA4D051CBC0FC000E3B797 /* AppDelegate.m in Sources */,
				0EEA4D021CBC0FC000E3B797 /* main.m in Sources */,
				0EEA4D271CBC19B300E3B797 /* Post.m in Sources */,
				B4A098D420902EBE00820125 /* WebParseObject.m in Sources */,
				B4A098BD208F08C400820125 /* PostTableViewCell.m in Sources */,
			);
			runOnlyForDeploymentPostprocessing = 0;
		};
		0EEA4D121CBC0FC000E3B797 /* Sources */ = {
			isa = PBXSourcesBuildPhase;
			buildActionMask = 2147483647;
			files = (
				0EEA4D1B1CBC0FC000E3B797 /* ParseHtmlDemoTests.m in Sources */,
			);
			runOnlyForDeploymentPostprocessing = 0;
		};
/* End PBXSourcesBuildPhase section */

/* Begin PBXTargetDependency section */
		0EEA4D181CBC0FC000E3B797 /* PBXTargetDependency */ = {
			isa = PBXTargetDependency;
			target = 0EEA4CFC1CBC0FC000E3B797 /* ParseHtmlDemo */;
			targetProxy = 0EEA4D171CBC0FC000E3B797 /* PBXContainerItemProxy */;
		};
/* End PBXTargetDependency section */

/* Begin PBXVariantGroup section */
		0EEA4D091CBC0FC000E3B797 /* Main.storyboard */ = {
			isa = PBXVariantGroup;
			children = (
				0EEA4D0A1CBC0FC000E3B797 /* Base */,
			);
			name = Main.storyboard;
			sourceTree = "<group>";
		};
		0EEA4D0E1CBC0FC000E3B797 /* LaunchScreen.storyboard */ = {
			isa = PBXVariantGroup;
			children = (
				0EEA4D0F1CBC0FC000E3B797 /* Base */,
			);
			name = LaunchScreen.storyboard;
			sourceTree = "<group>";
		};
/* End PBXVariantGroup section */

/* Begin XCBuildConfiguration section */
		0EEA4D1D1CBC0FC000E3B797 /* Debug */ = {
			isa = XCBuildConfiguration;
			buildSettings = {
				ALWAYS_SEARCH_USER_PATHS = NO;
				CLANG_ANALYZER_NONNULL = YES;
				CLANG_CXX_LANGUAGE_STANDARD = "gnu++0x";
				CLANG_CXX_LIBRARY = "libc++";
				CLANG_ENABLE_MODULES = YES;
				CLANG_ENABLE_OBJC_ARC = YES;
				CLANG_WARN_BLOCK_CAPTURE_AUTORELEASING = YES;
				CLANG_WARN_BOOL_CONVERSION = YES;
				CLANG_WARN_COMMA = YES;
				CLANG_WARN_CONSTANT_CONVERSION = YES;
				CLANG_WARN_DEPRECATED_OBJC_IMPLEMENTATIONS = YES;
				CLANG_WARN_DIRECT_OBJC_ISA_USAGE = YES_ERROR;
				CLANG_WARN_EMPTY_BODY = YES;
				CLANG_WARN_ENUM_CONVERSION = YES;
				CLANG_WARN_INFINITE_RECURSION = YES;
				CLANG_WARN_INT_CONVERSION = YES;
				CLANG_WARN_NON_LITERAL_NULL_CONVERSION = YES;
				CLANG_WARN_OBJC_IMPLICIT_RETAIN_SELF = YES;
				CLANG_WARN_OBJC_LITERAL_CONVERSION = YES;
				CLANG_WARN_OBJC_ROOT_CLASS = YES_ERROR;
				CLANG_WARN_RANGE_LOOP_ANALYSIS = YES;
				CLANG_WARN_STRICT_PROTOTYPES = YES;
				CLANG_WARN_SUSPICIOUS_MOVE = YES;
				CLANG_WARN_UNREACHABLE_CODE = YES;
				CLANG_WARN__DUPLICATE_METHOD_MATCH = YES;
				"CODE_SIGN_IDENTITY[sdk=iphoneos*]" = "iPhone Developer";
				COPY_PHASE_STRIP = NO;
				DEBUG_INFORMATION_FORMAT = dwarf;
				ENABLE_STRICT_OBJC_MSGSEND = YES;
				ENABLE_TESTABILITY = YES;
				GCC_C_LANGUAGE_STANDARD = gnu99;
				GCC_DYNAMIC_NO_PIC = NO;
				GCC_NO_COMMON_BLOCKS = YES;
				GCC_OPTIMIZATION_LEVEL = 0;
				GCC_PREPROCESSOR_DEFINITIONS = (
					"DEBUG=1",
					"$(inherited)",
				);
				GCC_WARN_64_TO_32_BIT_CONVERSION = YES;
				GCC_WARN_ABOUT_RETURN_TYPE = YES_ERROR;
				GCC_WARN_UNDECLARED_SELECTOR = YES;
				GCC_WARN_UNINITIALIZED_AUTOS = YES_AGGRESSIVE;
				GCC_WARN_UNUSED_FUNCTION = YES;
				GCC_WARN_UNUSED_VARIABLE = YES;
				IPHONEOS_DEPLOYMENT_TARGET = 9.3;
				MTL_ENABLE_DEBUG_INFO = YES;
				ONLY_ACTIVE_ARCH = YES;
				SDKROOT = iphoneos;
				TARGETED_DEVICE_FAMILY = "1,2";
			};
			name = Debug;
		};
		0EEA4D1E1CBC0FC000E3B797 /* Release */ = {
			isa = XCBuildConfiguration;
			buildSettings = {
				ALWAYS_SEARCH_USER_PATHS = NO;
				CLANG_ANALYZER_NONNULL = YES;
				CLANG_CXX_LANGUAGE_STANDARD = "gnu++0x";
				CLANG_CXX_LIBRARY = "libc++";
				CLANG_ENABLE_MODULES = YES;
				CLANG_ENABLE_OBJC_ARC = YES;
				CLANG_WARN_BLOCK_CAPTURE_AUTORELEASING = YES;
				CLANG_WARN_BOOL_CONVERSION = YES;
				CLANG_WARN_COMMA = YES;
				CLANG_WARN_CONSTANT_CONVERSION = YES;
				CLANG_WARN_DEPRECATED_OBJC_IMPLEMENTATIONS = YES;
				CLANG_WARN_DIRECT_OBJC_ISA_USAGE = YES_ERROR;
				CLANG_WARN_EMPTY_BODY = YES;
				CLANG_WARN_ENUM_CONVERSION = YES;
				CLANG_WARN_INFINITE_RECURSION = YES;
				CLANG_WARN_INT_CONVERSION = YES;
				CLANG_WARN_NON_LITERAL_NULL_CONVERSION = YES;
				CLANG_WARN_OBJC_IMPLICIT_RETAIN_SELF = YES;
				CLANG_WARN_OBJC_LITERAL_CONVERSION = YES;
				CLANG_WARN_OBJC_ROOT_CLASS = YES_ERROR;
				CLANG_WARN_RANGE_LOOP_ANALYSIS = YES;
				CLANG_WARN_STRICT_PROTOTYPES = YES;
				CLANG_WARN_SUSPICIOUS_MOVE = YES;
				CLANG_WARN_UNREACHABLE_CODE = YES;
				CLANG_WARN__DUPLICATE_METHOD_MATCH = YES;
				"CODE_SIGN_IDENTITY[sdk=iphoneos*]" = "iPhone Developer";
				COPY_PHASE_STRIP = NO;
				DEBUG_INFORMATION_FORMAT = "dwarf-with-dsym";
				ENABLE_NS_ASSERTIONS = NO;
				ENABLE_STRICT_OBJC_MSGSEND = YES;
				GCC_C_LANGUAGE_STANDARD = gnu99;
				GCC_NO_COMMON_BLOCKS = YES;
				GCC_WARN_64_TO_32_BIT_CONVERSION = YES;
				GCC_WARN_ABOUT_RETURN_TYPE = YES_ERROR;
				GCC_WARN_UNDECLARED_SELECTOR = YES;
				GCC_WARN_UNINITIALIZED_AUTOS = YES_AGGRESSIVE;
				GCC_WARN_UNUSED_FUNCTION = YES;
				GCC_WARN_UNUSED_VARIABLE = YES;
				IPHONEOS_DEPLOYMENT_TARGET = 9.3;
				MTL_ENABLE_DEBUG_INFO = NO;
				SDKROOT = iphoneos;
				TARGETED_DEVICE_FAMILY = "1,2";
				VALIDATE_PRODUCT = YES;
			};
			name = Release;
		};
		0EEA4D201CBC0FC000E3B797 /* Debug */ = {
			isa = XCBuildConfiguration;
			baseConfigurationReference = 9297E0D028904310FA9DC0BC /* Pods-ParseHtmlDemo.debug.xcconfig */;
			buildSettings = {
				ASSETCATALOG_COMPILER_APPICON_NAME = AppIcon;
				DEVELOPMENT_TEAM = Y5EFP237MC;
				INFOPLIST_FILE = ParseHtmlDemo/Info.plist;
				IPHONEOS_DEPLOYMENT_TARGET = 8.0;
				LD_RUNPATH_SEARCH_PATHS = "$(inherited) @executable_path/Frameworks";
				PRODUCT_BUNDLE_IDENTIFIER = BigPi.ParseHtmlDemo;
				PRODUCT_NAME = "$(TARGET_NAME)";
			};
			name = Debug;
		};
		0EEA4D211CBC0FC000E3B797 /* Release */ = {
			isa = XCBuildConfiguration;
			baseConfigurationReference = D95CADBD00DAB84B3EBF2F63 /* Pods-ParseHtmlDemo.release.xcconfig */;
			buildSettings = {
				ASSETCATALOG_COMPILER_APPICON_NAME = AppIcon;
				DEVELOPMENT_TEAM = Y5EFP237MC;
				INFOPLIST_FILE = ParseHtmlDemo/Info.plist;
				IPHONEOS_DEPLOYMENT_TARGET = 8.0;
				LD_RUNPATH_SEARCH_PATHS = "$(inherited) @executable_path/Frameworks";
				PRODUCT_BUNDLE_IDENTIFIER = BigPi.ParseHtmlDemo;
				PRODUCT_NAME = "$(TARGET_NAME)";
			};
			name = Release;
		};
		0EEA4D231CBC0FC000E3B797 /* Debug */ = {
			isa = XCBuildConfiguration;
			baseConfigurationReference = D62E08BF80BAEF036DDD69C3 /* Pods-ParseHtmlDemoTests.debug.xcconfig */;
			buildSettings = {
				BUNDLE_LOADER = "$(TEST_HOST)";
				INFOPLIST_FILE = ParseHtmlDemoTests/Info.plist;
				LD_RUNPATH_SEARCH_PATHS = "$(inherited) @executable_path/Frameworks @loader_path/Frameworks";
				PRODUCT_BUNDLE_IDENTIFIER = BigPi.ParseHtmlDemoTests;
				PRODUCT_NAME = "$(TARGET_NAME)";
				TEST_HOST = "$(BUILT_PRODUCTS_DIR)/ParseHtmlDemo.app/ParseHtmlDemo";
			};
			name = Debug;
		};
		0EEA4D241CBC0FC000E3B797 /* Release */ = {
			isa = XCBuildConfiguration;
			baseConfigurationReference = B75CB10623DB0744C1EEE772 /* Pods-ParseHtmlDemoTests.release.xcconfig */;
			buildSettings = {
				BUNDLE_LOADER = "$(TEST_HOST)";
				INFOPLIST_FILE = ParseHtmlDemoTests/Info.plist;
				LD_RUNPATH_SEARCH_PATHS = "$(inherited) @executable_path/Frameworks @loader_path/Frameworks";
				PRODUCT_BUNDLE_IDENTIFIER = BigPi.ParseHtmlDemoTests;
				PRODUCT_NAME = "$(TARGET_NAME)";
				TEST_HOST = "$(BUILT_PRODUCTS_DIR)/ParseHtmlDemo.app/ParseHtmlDemo";
			};
			name = Release;
		};
/* End XCBuildConfiguration section */

/* Begin XCConfigurationList section */
		0EEA4CF81CBC0FC000E3B797 /* Build configuration list for PBXProject "ParseHtmlDemo" */ = {
			isa = XCConfigurationList;
			buildConfigurations = (
				0EEA4D1D1CBC0FC000E3B797 /* Debug */,
				0EEA4D1E1CBC0FC000E3B797 /* Release */,
			);
			defaultConfigurationIsVisible = 0;
			defaultConfigurationName = Release;
		};
		0EEA4D1F1CBC0FC000E3B797 /* Build configuration list for PBXNativeTarget "ParseHtmlDemo" */ = {
			isa = XCConfigurationList;
			buildConfigurations = (
				0EEA4D201CBC0FC000E3B797 /* Debug */,
				0EEA4D211CBC0FC000E3B797 /* Release */,
			);
			defaultConfigurationIsVisible = 0;
			defaultConfigurationName = Release;
		};
		0EEA4D221CBC0FC000E3B797 /* Build configuration list for PBXNativeTarget "ParseHtmlDemoTests" */ = {
			isa = XCConfigurationList;
			buildConfigurations = (
				0EEA4D231CBC0FC000E3B797 /* Debug */,
				0EEA4D241CBC0FC000E3B797 /* Release */,
			);
			defaultConfigurationIsVisible = 0;
			defaultConfigurationName = Release;
		};
/* End XCConfigurationList section */
	};
	rootObject = 0EEA4CF51CBC0FC000E3B797 /* Project object */;
}
